
Microsoft Visual Studio Solution File, Format Version 12.00
# Visual Studio Version 16
VisualStudioVersion = 16.0.34729.46
MinimumVisualStudioVersion = 10.0.40219.1
Project("{FAE04EC0-301F-11D3-BF4B-00C04F79EFBC}") = "clue", "clue\clue.csproj", "{901F4547-B831-4C39-AB83-22F9C5EB25C4}"
EndProject
Global
	GlobalSection(SolutionConfigurationPlatforms) = preSolution
		Debug|Any CPU = Debug|Any CPU
		Release|Any CPU = Release|Any CPU
	EndGlobalSection
	GlobalSection(ProjectConfigurationPlatforms) = postSolution
		{901F4547-B831-4C39-AB83-22F9C5EB25C4}.Debug|Any CPU.ActiveCfg = Debug|Any CPU
		{901F4547-B831-4C39-AB83-22F9C5EB25C4}.Debug|Any CPU.Build.0 = Debug|Any CPU
		{901F4547-B831-4C39-AB83-22F9C5EB25C4}.Release|Any CPU.ActiveCfg = Release|Any CPU
		{901F4547-B831-4C39-AB83-22F9C5EB25C4}.Release|Any CPU.Build.0 = Release|Any CPU
	EndGlobalSection
	GlobalSection(SolutionProperties) = preSolution
		HideSolutionNode = FALSE
	EndGlobalSection
	GlobalSection(ExtensibilityGlobals) = postSolution
		SolutionGuid = {8E412B08-B6D6-4FA0-A099-D0A66B58B6E2}
	EndGlobalSection
EndGlobal
